
Microsoft Visual Studio Solution File, Format Version 12.00
# Visual Studio Version 17
VisualStudioVersion = 17.13.35931.197
MinimumVisualStudioVersion = 10.0.40219.1
Project("{FAE04EC0-301F-11D3-BF4B-00C04F79EFBC}") = "Wynzio", "Wynzio.csproj", "{7CB28704-94F4-469E-A16D-3ADA5DEDC92B}"
EndProject
Global
	GlobalSection(SolutionConfigurationPlatforms) = preSolution
		Debug|Any CPU = Debug|Any CPU
		Release|Any CPU = Release|Any CPU
	EndGlobalSection
	GlobalSection(ProjectConfigurationPlatforms) = postSolution
		{7CB28704-94F4-469E-A16D-3ADA5DEDC92B}.Debug|Any CPU.ActiveCfg = Debug|Any CPU
		{7CB28704-94F4-469E-A16D-3ADA5DEDC92B}.Debug|Any CPU.Build.0 = Debug|Any CPU
		{7CB28704-94F4-469E-A16D-3ADA5DEDC92B}.Release|Any CPU.ActiveCfg = Release|Any CPU
		{7CB28704-94F4-469E-A16D-3ADA5DEDC92B}.Release|Any CPU.Build.0 = Release|Any CPU
	EndGlobalSection
	GlobalSection(SolutionProperties) = preSolution
		HideSolutionNode = FALSE
	EndGlobalSection
	GlobalSection(ExtensibilityGlobals) = postSolution
		SolutionGuid = {A2EF6E30-C068-4137-8BCD-14901D284407}
	EndGlobalSection
EndGlobal
